
Microsoft Visual Studio Solution File, Format Version 12.00
# Visual Studio Version 16
VisualStudioVersion = 16.0.30204.135
MinimumVisualStudioVersion = 10.0.40219.1
Project("{8BC9CEB8-8B4A-11D0-8D11-00A0C91BC942}") = "10F_Schon_Szotar", "10F_Schon_Szotar\10F_Schon_Szotar.vcxproj", "{16F7CAFC-E320-4DDE-80BA-B1FDCC87D486}"
EndProject
Global
	GlobalSection(SolutionConfigurationPlatforms) = preSolution
		Debug|x64 = Debug|x64
		Debug|x86 = Debug|x86
		Release|x64 = Release|x64
		Release|x86 = Release|x86
	EndGlobalSection
	GlobalSection(ProjectConfigurationPlatforms) = postSolution
		{16F7CAFC-E320-4DDE-80BA-B1FDCC87D486}.Debug|x64.ActiveCfg = Debug|x64
		{16F7CAFC-E320-4DDE-80BA-B1FDCC87D486}.Debug|x64.Build.0 = Debug|x64
		{16F7CAFC-E320-4DDE-80BA-B1FDCC87D486}.Debug|x86.ActiveCfg = Debug|Win32
		{16F7CAFC-E320-4DDE-80BA-B1FDCC87D486}.Debug|x86.Build.0 = Debug|Win32
		{16F7CAFC-E320-4DDE-80BA-B1FDCC87D486}.Release|x64.ActiveCfg = Release|x64
		{16F7CAFC-E320-4DDE-80BA-B1FDCC87D486}.Release|x64.Build.0 = Release|x64
		{16F7CAFC-E320-4DDE-80BA-B1FDCC87D486}.Release|x86.ActiveCfg = Release|Win32
		{16F7CAFC-E320-4DDE-80BA-B1FDCC87D486}.Release|x86.Build.0 = Release|Win32
	EndGlobalSection
	GlobalSection(SolutionProperties) = preSolution
		HideSolutionNode = FALSE
	EndGlobalSection
	GlobalSection(ExtensibilityGlobals) = postSolution
		SolutionGuid = {46CC5829-00FE-4614-BCE2-759478D1AF5E}
	EndGlobalSection
EndGlobal
